github.com/BurntSushi/toml v1.3.2 h1:o7IhLm0Msx3BaB+n3Ag7L8EVlByGnpq14C4YWiu/gL8=
github.com/BurntSushi/toml v1.3.2/go.mod h1:CxXYINrC8qIiEnFrOxCa7Jy5BFHlXnUU2pbicEuybxQ=
github.com/alex-ant/gomath v0.0.0-20160516115720-89013a210a82 h1:7dONQ3WNZ1zy960TmkxJPuwoolZwL7xKtpcM04MBnt4=
github.com/alex-ant/gomath v0.0.0-20160516115720-89013a210a82/go.mod h1:nLnM0KdK1CmygvjpDUO6m1TjSsiQtL61juhNsvV/JVI=
github.com/aliyun/alibabacloud-oss-go-sdk-v2 v1.6.0 h1:uWzn3io54f9L9mvwsQQSv1KpkkFA06hBxI++RvIyvpI=
github.com/aliyun/alibabacloud-oss-go-sdk-v2 v1.6.0/go.mod h1:FTzydeQVmR24FI0D6XWUOMKckjXehM/jgMn1xC+DA9M=
github.com/aws/aws-sdk-go-v2 v1.45.1 h1:iIoG3NaLhV6UZpPXyPXlDj2I9oS8tV/nMcMnITCC6Ks=
github.com/aws/aws-sdk-go-v2 v1.45.1/go.mod h1:bttEH6JqnUL8LepvDVfdrds/fZ5bCIxzpe3abyUrhDU=
github.com/aws/aws-sdk-go-v2/aws/protocol/eventstream v1.7.20 h1:GPRlPwz40I2B2VrBEASOA3Bi77NyeqejNLkifosX0rs=
github.com/aws/aws-sdk-go-v2/aws/protocol/eventstream v1.7.20/go.mod h1:g7PNzKcsOKWb4fkSRBA7BZVAS6Y8IcxzN+nRohhQ1Q8=
github.com/aws/aws-sdk-go-v2/config v1.33.2 h1:Pj4+nF2kc4Z+1BJysVPnX9d5dMN7IYFXR4UJaWK2IpA=
github.com/aws/aws-sdk-go-v2/config v1.33.2/go.mod h1:Igw+HTwbR2tsTU/ydifAS9EHAFJ2s/FCgkwQWFnAdE4=
github.com/aws/aws-sdk-go-v2/credentials v1.20.2 h1:VQjZODPNfdikCX2ZZrltw4zNLkcwjyUFDUl2vT9yTwg=
github.com/aws/aws-sdk-go-v2/credentials v1.20.2/go.mod h1:OmeHCn28vZylsBvalLDf7t8fuJ2rHYQprJs+7WuxniI=
github.com/aws/aws-sdk-go-v2/feature/ec2/imds v1.19.1 h1:YIEBqcqRnpi4Pfv0YHImtgi6czGCwKHANC7SwmUAVD0=
github.com/aws/aws-sdk-go-v2/feature/ec2/imds v1.19.1/go.mod h1:imEf0oufgAo8KAkCHhrOdqGEC0YWx1PPBQH82shSxGw=
github.com/aws/aws-sdk-go-v2/feature/s3/transfermanager v0.4.2 h1:YKJ2Szi+0D0drxzgYOCRE0VHNtiFOYTnYb3jfRFFg6w=
github.com/aws/aws-sdk-go-v2/feature/s3/transfermanager v0.4.2/go.mod h1:hAn74D6y8SLM6TaJyw9X9aDh2K45fjiwn8bDpjmdnsM=
github.com/aws/aws-sdk-go-v2/internal/configsources v1.5.1 h1:pc138gM1CW+XPc60rEwUlwwuwWFQK16CI1T7v1F9Oec=
github.com/aws/aws-sdk-go-v2/internal/configsources v1.5.1/go.mod h1:1+koxpPIbfBdfzP6vojm5/zTpTQ/micYwlxIiNB3TxI=
github.com/aws/aws-sdk-go-v2/internal/endpoints/v2 v2.8.1 h1:K0JsbZQj+1h208Ro1zHeA4l7bMp0NvRffHQ91q8Ol1s=
github.com/aws/aws-sdk-go-v2/internal/endpoints/v2 v2.8.1/go.mod h1:W3/vL6EtCIatICGy9ab29QhMuae+cOKPWcMxv02CO+Q=
github.com/aws/aws-sdk-go-v2/internal/v4a v1.5.1 h1:yhw5KD1phVyP9vijxOUzDfEtJx+bt+L63k+VfuiYFAA=
github.com/aws/aws-sdk-go-v2/internal/v4a v1.5.1/go.mod h1:ZW2e0d7DYlRxlS9hEiMXE47gTdX5KRN4byUiNbUpG+Q=
github.com/aws/aws-sdk-go-v2/service/internal/accept-encoding v1.13.19 h1:bAdDl/HkGCcGPoe25ToSHEw23VIxt6CT5fLcg111BKg=
github.com/aws/aws-sdk-go-v2/service/internal/accept-encoding v1.13.19/go.mod h1:KaUzbLxv4CeSxh6ZCl9B4m7CuFenS8kUEaDs+f/DQr4=
github.com/aws/aws-sdk-go-v2/service/internal/checksum v1.11.1 h1:s67hBfG5t9rn1NCvDuB4E3QIep3UFhHPtaIqFDjV3N8=
github.com/aws/aws-sdk-go-v2/service/internal/checksum v1.11.1/go.mod h1:FpvjBMXtSNMLPmDJsWwcY5cRnqJlpS2y1R6n4pvzs4k=
github.com/aws/aws-sdk-go-v2/service/internal/presigned-url v1.14.1 h1:RmmWQPREQdk9U+PfqeHW3MqZaBaNK7TpV9W3RY+b+7g=
github.com/aws/aws-sdk-go-v2/service/internal/presigned-url v1.14.1/go.mod h1:0A3W4F+68ZnNk5XcNL/e9HFMwnP8RlEicFfy6eOEDyw=
github.com/aws/aws-sdk-go-v2/service/internal/s3shared v1.20.1 h1:ZMbtPZZQRca+3+XYQne9PBvRiYpHZlNJJOZfE9WNfT0=
github.com/aws/aws-sdk-go-v2/service/internal/s3shared v1.20.1/go.mod h1:YAGWQdCYlVCoqrzvfv3RLxO6zKwti7gsAULOGWPLYv4=
github.com/aws/aws-sdk-go-v2/service/s3 v1.110.0 h1:He8vaTTqAAJrux/KdpjFXNWueLJZyKqE49QEXoqAu4I=
github.com/aws/aws-sdk-go-v2/service/s3 v1.110.0/go.mod h1:CUr46sCpGAg/rHaclRyhJX0LJAmH73uWSJPPSaMUrSk=
github.com/aws/aws-sdk-go-v2/service/signin v1.8.0 h1:bSvKIoLuRGFqGwASgeCQncCJDi9YKKBDEmCEZzOX1uU=
github.com/aws/aws-sdk-go-v2/service/signin v1.8.0/go.mod h1:9IqUlsJDbUPcg6cgx3WEzXdjrbWzLDQrak0aaSqlTcI=
github.com/aws/aws-sdk-go-v2/service/sso v1.36.0 h1:iivsh357VnfIc18IFWSuoyQEluf8frfWf4cL2Y0JUQw=
github.com/aws/aws-sdk-go-v2/service/sso v1.36.0/go.mod h1:tWuiVBUtPBr8/rgRiYS8Uf85sHcAN+G7XS3D3CEoUh8=
github.com/aws/aws-sdk-go-v2/service/ssooidc v1.41.0 h1:wVxM3QzSKIK8tSN6OGgezp9OK91lCLH2zhmRInN9rFM=
github.com/aws/aws-sdk-go-v2/service/ssooidc v1.41.0/go.mod h1:naFe83jSMuYkH+QjQPX8n1MLhBkeCFM5Lsnh5m5wz3c=
github.com/aws/aws-sdk-go-v2/service/sts v1.48.0 h1:RzZVCzYM19vhJCT5s6vO2wN8ie770Li/TmbAZ9B6N7E=
github.com/aws/aws-sdk-go-v2/service/sts v1.48.0/go.mod h1:mKo/CzaCz8qytGW70NG4vIIGAx1HXTlb5lHNkC5k3lk=
github.com/aws/smithy-go v1.28.1 h1:R/nXH00c8qcfCzQVELtRw+eLQWtzv+VAIEFJ1/xxXlQ=
github.com/aws/smithy-go v1.28.1/go.mod h1:YE2RhdIuDbA5E5bTdciG9KrW3+TiEONeUWCqxX9i1Fc=
github.com/clbanning/mxj v1.8.4 h1:HuhwZtbyvyOw+3Z1AowPkU87JkJUSv751ELWaiTpj8I=
github.com/clbanning/mxj v1.8.4/go.mod h1:BVjHeAH+rl9rs6f+QIpeRl0tfu10SXn1pUSa5PVGJng=
github.com/creack/pty v1.1.9/go.mod h1:oKZEueFk5CKHvIhNR5MUki03XCEU+Q6VDXinZuGJ33E=
github.com/davecgh/go-spew v1.1.0/go.mod h1:J7Y8YcW2NihsgmVo/mv3lAwl/skON4iLHjSsI+c5H38=
github.com/davecgh/go-spew v1.1.1 h1:vj9j/u1bqnvCEfJOwUhtlOARqs3+rkHYY13jYWTU97c=
github.com/davecgh/go-spew v1.1.1/go.mod h1:J7Y8YcW2NihsgmVo/mv3lAwl/skON4iLHjSsI+c5H38=
github.com/dustin/go-humanize v1.0.1 h1:GzkhY7T5VNhEkwH0PVJgjz+fX1rhBrR7pRT3mDkpeCY=
github.com/dustin/go-humanize v1.0.1/go.mod h1:Mu1zIs6XwVuF/gI1OepvI0qD18qycQx+mFykh5fBlto=
github.com/gofrs/flock v0.8.1 h1:+gYjHKf32LDeiEEFhQaotPbLuUXjY5ZqxKgXy7n59aw=
github.com/gofrs/flock v0.8.1/go.mod h1:F1TvTiK9OcQqauNUHlbJvyl9Qa1QvF/gOUDKA14jxHU=
github.com/golang-jwt/jwt/v5 v5.2.3/go.mod h1:pqrtFR0X4osieyHYxtmOUWsAWrfe1Q5UVIyoH402zdk=
github.com/google/go-querystring v1.0.0 h1:Xkwi/a1rcvNg1PPYe5vI8GbeBY/jrVuDX5ASuANWTrk=
github.com/google/go-querystring v1.0.0/go.mod h1:odCYkC5MyYFN7vkCjXpyrEuKhc/BUO6wN/zVPAxq5ck=
github.com/google/pprof v0.0.0-20260802141513-ef3492d7dac3 h1:LMLX+LgTNWpfvCBdFebv6EsYotImrt/Ppc5cXIriCSo=
github.com/google/pprof v0.0.0-20260802141513-ef3492d7dac3/go.mod h1:jl5iWTm0/hd5PjEYEOuwAJ57L/CibdZfrqZ5XA5GrCk=
github.com/google/uuid v1.1.1/go.mod h1:TIyPZe4MgqvfeYDBFedMoGGpEw/LqOeaOT+nhxU+yHo=
github.com/google/uuid v1.6.0 h1:NIvaJDMOsjHA8n1jAhLSgzrAzy1Hgr+hNrb57e+94F0=
github.com/google/uuid v1.6.0/go.mod h1:TIyPZe4MgqvfeYDBFedMoGGpEw/LqOeaOT+nhxU+yHo=
github.com/gorilla/mux v1.8.1 h1:TuBL49tXwgrFYWhqrNgrUNEY92u81SPhu7sTdzQEiWY=
github.com/gorilla/mux v1.8.1/go.mod h1:AKf9I4AEqPTmMytcMc0KkNouC66V3BtZ4qD5fmWSiMQ=
github.com/hashicorp/golang-lru/v2 v2.0.7 h1:a+bsQ5rvGLjzHuww6tVxozPZFVghXaHOwFs4luLUK2k=
github.com/hashicorp/golang-lru/v2 v2.0.7/go.mod h1:QeFd9opnmA6QUJc5vARoKUSoFhyfM2/ZepoAG6RGpeM=
github.com/kr/pretty v0.3.0 h1:WgNl7dwNpEZ6jJ9k1snq4pZsg7DOEN8hP9Xw0Tsjwk0=
github.com/kr/pretty v0.3.0/go.mod h1:640gp4NfQd8pI5XOwp5fnNeVWj67G7CFk/SaSQn7NBk=
github.com/kr/text v0.2.0 h1:5Nx0Ya0ZqY2ygV366QzturHI13Jq95ApcVaJBhpS+AY=
github.com/kr/text v0.2.0/go.mod h1:eLer722TekiGuMkidMxC/pM04lWEeraHUUmBw8l2grE=
github.com/mattn/go-isatty v0.0.24 h1:tGZZoVgT/KiqK1c8ocVLeDS8BSWMRd47J3Lbz7vsReI=
github.com/mattn/go-isatty v0.0.24/go.mod h1:nMCL3Zebbrt45jsMDgnfIwz6ydEQApk5oEI3HqDio6A=
github.com/mitchellh/mapstructure v1.4.3 h1:OVowDSCllw/YjdLkam3/sm7wEtOy59d8ndGgCcyj8cs=
github.com/mitchellh/mapstructure v1.4.3/go.mod h1:bFUtVrKA4DC2yAKiSyO/QUcy7e+RRV2QTWOzhPopBRo=
github.com/mozillazg/go-httpheader v0.2.1 h1:geV7TrjbL8KXSyvghnFm+NyTux/hxwueTSrwhe88TQQ=
github.com/mozillazg/go-httpheader v0.2.1/go.mod h1:jJ8xECTlalr6ValeXYdOF8fFUISeBAdw6E61aqQma60=
github.com/ncruces/go-strftime v1.0.0 h1:HMFp8mLCTPp341M/ZnA4qaf7ZlsbTc+miZjCLOFAw7w=
github.com/ncruces/go-strftime v1.0.0/go.mod h1:Fwc5htZGVVkseilnfgOVb9mKy6w1naJmn9CehxcKcls=
github.com/pmezard/go-difflib v1.0.0 h1:4DBwDE0NGyQoBHbLQYPwSUPoCMWR5BEzIk/f1lZbAQM=
github.com/pmezard/go-difflib v1.0.0/go.mod h1:iKH77koFhYxTK1pcRnkKkqfTogsbg7gZNVY4sRDYZ/4=
github.com/qiniu/go-sdk/v7 v7.27.0 h1:n+2U0S5fhbmG/lN/agO8KcYJaQDqROUVShtnp56Mkw8=
github.com/qiniu/go-sdk/v7 v7.27.0/go.mod h1:pTwVR1B+8SXcPLhDzBUasiKFTD9F7jRglRDR553BW3k=
github.com/remyoudompheng/bigfft v0.0.0-20230129092748-24d4a6f8daec h1:W09IVJc94icq4NjY3clb7Lk8O1qJ8BdBEF8z0ibU0rE=
github.com/remyoudompheng/bigfft v0.0.0-20230129092748-24d4a6f8daec/go.mod h1:qqbHyh8v60DhA7CoWK5oRCqLrMHRGoxYCSS9EjAz6Eo=
github.com/rogpeppe/go-internal v1.8.0 h1:FCbCCtXNOY3UtUuHUYaghJg4y7Fd14rXifAYUAtL9R8=
github.com/rogpeppe/go-internal v1.8.0/go.mod h1:WmiCO8CzOY8rg0OYDC4/i/2WRWAB6poM+XZ2dLUbcbE=
github.com/rs/dnscache v0.0.0-20230804202142-fc85eb664529/go.mod h1:qe5TWALJ8/a1Lqznoc5BDHpYX/8HU60Hm2AwRmqzxqA=
github.com/stretchr/objx v0.1.0/go.mod h1:HFkY916IF+rwdDfMAkV7OtwuqBVzrE8GR6GFx+wExME=
github.com/stretchr/testify v1.3.0/go.mod h1:M5WIy9Dh21IEIfnGCwXGc5bZfKNJtfHm1UVUgZn+9EI=
github.com/stretchr/testify v1.11.1 h1:7s2iGBzp5EwR7/aIZr8ao5+dra3wiQyKjjFuvgVKu7U=
github.com/stretchr/testify v1.11.1/go.mod h1:wZwfW3scLgRK+23gO65QZefKpKQRnfz6sD981Nm4B6U=
github.com/tencentcloud/tencentcloud-sdk-go/tencentcloud/common v1.0.563/go.mod h1:7sCQWVkxcsR38nffDW057DRGk8mUjK1Ing/EFOK8s8Y=
github.com/tencentcloud/tencentcloud-sdk-go/tencentcloud/kms v1.0.563/go.mod h1:uom4Nvi9W+Qkom0exYiJ9VWJjXwyxtPYTkKkaLMlfE0=
github.com/tencentyun/cos-go-sdk-v5 v0.7.75 h1:eRCGP5chujSYGFnsCPxlhQcN9wtlSO/4eXrxKtLVAIw=
github.com/tencentyun/cos-go-sdk-v5 v0.7.75/go.mod h1:STbTNaNKq03u+gscPEGOahKzLcGSYOj6Dzc5zNay7Pg=
github.com/tencentyun/qcloud-cos-sts-sdk v0.0.0-20250515025012-e0eec8a5d123/go.mod h1:b18KQa4IxHbxeseW1GcZox53d7J0z39VNONTxvvlkXw=
golang.org/x/mod v0.37.0 h1:vF1DjpVEshcIqoEaauuHebaLk1O1forxjxBaVn884JQ=
golang.org/x/mod v0.37.0/go.mod h1:m8S8VeM9r4dzDwjrKO0a1sZP3YjeMamRRlD+fmR2Q/0=
golang.org/x/sync v0.0.0-20190423024810-112230192c58/go.mod h1:RxMgew5VJxzue5/jJTE5uejpjVlOe/izrB70Jof72aM=
golang.org/x/sync v0.21.0 h1:HLII4xRRTtCRkxYp4HNFF0Js/Og6q2i++KXbg0gHCwM=
golang.org/x/sync v0.21.0/go.mod h1:9xrNwdLfx4jkKbNva9FpL6vEN7evnE43NNNJQ2LF3+0=
golang.org/x/sys v0.47.0 h1:o7XGOvZQCADBQQ4Y7VNq2dRWQR7JmOUW8Kxx4ZsNgWs=
golang.org/x/sys v0.47.0/go.mod h1:4GL1E5IUh+htKOUEOaiffhrAeqysfVGipDYzABqnCmw=
golang.org/x/time v0.4.0 h1:Z81tqI5ddIoXDPvVQ7/7CC9TnLM7ubaFG2qXYd5BbYY=
golang.org/x/time v0.4.0/go.mod h1:3BpzKBy/shNhVucY/MWOyx10tF3SFh9QdLuxbVysPQM=
golang.org/x/tools v0.47.0 h1:7Kn5x/d1svx/PzryTsqeoZN4TZwqeH5pGWjefhLi/1Q=
golang.org/x/tools v0.47.0/go.mod h1:dFHnyTvFWY212G+h7ZY4Vsp/K3U4/7W9TyVaAul8uCA=
gopkg.in/check.v1 v1.0.0-20180628173108-788fd7840127 h1:qIbj1fsPNlZgppZ+VLlY7N33q108Sa+fhmuc+sWQYwY=
gopkg.in/check.v1 v1.0.0-20180628173108-788fd7840127/go.mod h1:Co6ibVJAznAaIkqp8huTwlJQCZ016jof/cbN4VW5Yz0=
gopkg.in/yaml.v3 v3.0.1 h1:fxVm/GzAzEWqLHuvctI91KS9hhNmmWOoWu0XTYJS7CA=
gopkg.in/yaml.v3 v3.0.1/go.mod h1:K4uyk7z7BCEPqu6E+C64Yfv1cQ7kz7rIZviUmN+EgEM=
modernc.org/cc/v4 v4.29.1 h1:MKgdCV3WykTSPqpVrnxdEDS0HEd2FHpKZDzxzU5LyeI=
modernc.org/cc/v4 v4.29.1/go.mod h1:OnovgIhbbMXMu1aISnJ0wvVD1KnW+cAUJkIrAWh+kVI=
modernc.org/ccgo/v4 v4.34.6 h1:sBgfIwyN0TQ9C5hwIeuqyeAKyMWnbvj2fvpF4L11uzU=
modernc.org/ccgo/v4 v4.34.6/go.mod h1:SZ8YcN9NG7XVsQYdm6jYBvi8PQP1qi+kqB6OhjqI3Fk=
modernc.org/fileutil v1.4.0 h1:j6ZzNTftVS054gi281TyLjHPp6CPHr2KCxEXjEbD6SM=
modernc.org/fileutil v1.4.0/go.mod h1:EqdKFDxiByqxLk8ozOxObDSfcVOv/54xDs/DUHdvCUU=
modernc.org/gc/v2 v2.6.5 h1:nyqdV8q46KvTpZlsw66kWqwXRHdjIlJOhG6kxiV/9xI=
modernc.org/gc/v2 v2.6.5/go.mod h1:YgIahr1ypgfe7chRuJi2gD7DBQiKSLMPgBQe9oIiito=
modernc.org/gc/v3 v3.1.4 h1:2g65LGVSmFQrXeITAw97x7hCRvZFcyE1uDP+7Vng7JI=
modernc.org/gc/v3 v3.1.4/go.mod h1:HFK/6AGESC7Ex+EZJhJ2Gni6cTaYpSMmU/cT9RmlfYY=
modernc.org/goabi0 v0.2.0 h1:HvEowk7LxcPd0eq6mVOAEMai46V+i7Jrj13t4AzuNks=
modernc.org/goabi0 v0.2.0/go.mod h1:CEFRnnJhKvWT1c1JTI3Avm+tgOWbkOu5oPA8eH8LnMI=
modernc.org/libc v1.74.4 h1:fX1Omw4o2/1C2iRkkIsrQTasJQldLhRmuPreXLoWs9k=
modernc.org/libc v1.74.4/go.mod h1:eeQAS9W3sZeKYMFubydxJpII9ybHWshk+7or7bLG9co=
modernc.org/mathutil v1.7.1 h1:GCZVGXdaN8gTqB1Mf/usp1Y/hSqgI2vAGGP4jZMCxOU=
modernc.org/mathutil v1.7.1/go.mod h1:4p5IwJITfppl0G4sUEDtCr4DthTaT47/N3aT6MhfgJg=
modernc.org/memory v1.11.0 h1:o4QC8aMQzmcwCK3t3Ux/ZHmwFPzE6hf2Y5LbkRs+hbI=
modernc.org/memory v1.11.0/go.mod h1:/JP4VbVC+K5sU2wZi9bHoq2MAkCnrt2r98UGeSK7Mjw=
modernc.org/opt v0.2.0 h1:tGyef5ApycA7FSEOMraay9SaTk5zmbx7Tu+cJs4QKZg=
modernc.org/opt v0.2.0/go.mod h1:03fq9lsNfvkYSfxrfUhZCWPk1lm4cq4N+Bh//bEtgns=
modernc.org/sortutil v1.2.1 h1:+xyoGf15mM3NMlPDnFqrteY07klSFxLElE2PVuWIJ7w=
modernc.org/sortutil v1.2.1/go.mod h1:7ZI3a3REbai7gzCLcotuw9AC4VZVpYMjDzETGsSMqJE=
modernc.org/sqlite v1.57.0 h1:qNQP6xnx5M0ISNtlnxoOX0+cD5bJ0/gr9aMmndFczzg=
modernc.org/sqlite v1.57.0/go.mod h1:yCJ2cmAaIkHQ25oXWrF8H4O1lIfPYPR26yCEDj2P3pQ=
modernc.org/strutil v1.2.1 h1:UneZBkQA+DX2Rp35KcM69cSsNES9ly8mQWD71HKlOA0=
modernc.org/strutil v1.2.1/go.mod h1:EHkiggD70koQxjVdSBM3JKM7k6L0FbGE5eymy9i3B9A=
modernc.org/token v1.1.0 h1:Xl7Ap9dKaEs5kLoOQeQmPWevfnk/DM5qcLcYlA8ys6Y=
modernc.org/token v1.1.0/go.mod h1:UGzOrNV1mAFSEB63lOFHIpNRUVMvYTc6yu1SMY/XTDM=
